
Microsoft Visual Studio Solution File, Format Version 12.00
# Visual Studio Version 16
VisualStudioVersion = 16.0.31729.503
MinimumVisualStudioVersion = 10.0.40219.1
Project("{9A19103F-16F7-4668-BE54-9A1E7A4F7556}") = "AntSim", "AntSim\AntSim.csproj", "{7B2E889A-71F8-4C01-A741-74B5E1FBD8B3}"
EndProject
Global
	GlobalSection(SolutionConfigurationPlatforms) = preSolution
		Debug|Any CPU = Debug|Any CPU
		Release|Any CPU = Release|Any CPU
	EndGlobalSection
	GlobalSection(ProjectConfigurationPlatforms) = postSolution
		{7B2E889A-71F8-4C01-A741-74B5E1FBD8B3}.Debug|Any CPU.ActiveCfg = Debug|Any CPU
		{7B2E889A-71F8-4C01-A741-74B5E1FBD8B3}.Debug|Any CPU.Build.0 = Debug|Any CPU
		{7B2E889A-71F8-4C01-A741-74B5E1FBD8B3}.Release|Any CPU.ActiveCfg = Release|Any CPU
		{7B2E889A-71F8-4C01-A741-74B5E1FBD8B3}.Release|Any CPU.Build.0 = Release|Any CPU
	EndGlobalSection
	GlobalSection(SolutionProperties) = preSolution
		HideSolutionNode = FALSE
	EndGlobalSection
	GlobalSection(ExtensibilityGlobals) = postSolution
		SolutionGuid = {3E640626-1F50-4F50-85FF-4444AB922656}
	EndGlobalSection
EndGlobal
